
Microsoft Visual Studio Solution File, Format Version 12.00
# Visual Studio Version 16
VisualStudioVersion = 16.0.30907.101
MinimumVisualStudioVersion = 10.0.40219.1
Project("{2150E333-8FDC-42A3-9474-1A3956D46DE8}") = "01-创建型", "01-创建型", "{6DF5618E-8E5D-470A-B36C-C61C15EAEF59}"
EndProject
Project("{2150E333-8FDC-42A3-9474-1A3956D46DE8}") = "02-结构型", "02-结构型", "{917DA01D-98BD-4DB0-8A45-6FA975E5E552}"
EndProject
Project("{2150E333-8FDC-42A3-9474-1A3956D46DE8}") = "03-行为型", "03-行为型", "{3E1D5839-A7A6-4D38-8A69-43B096182437}"
EndProject
Project("{9A19103F-16F7-4668-BE54-9A1E7A4F7556}") = "01SingletonPattern", "01SingletonPattern\01SingletonPattern.csproj", "{7AA8E2F8-2BC1-426C-BFDB-23417CF33E90}"
EndProject
Project("{9A19103F-16F7-4668-BE54-9A1E7A4F7556}") = "02AbstractFactory", "02AbstractFactory\02AbstractFactory.csproj", "{083E3C66-0815-4DF6-9D0E-38F4D8F83B51}"
EndProject
Project("{9A19103F-16F7-4668-BE54-9A1E7A4F7556}") = "03FactoryMethod", "03FactoryMethod\03FactoryMethod.csproj", "{29637920-F9E0-451E-BD56-FCEC6FF42094}"
EndProject
Project("{9A19103F-16F7-4668-BE54-9A1E7A4F7556}") = "04Builder", "04Builder\04Builder.csproj", "{3C25BCF8-41D4-4E1F-858E-A0D8546292F4}"
EndProject
Project("{9A19103F-16F7-4668-BE54-9A1E7A4F7556}") = "05Prototype", "05Prototype\05Prototype.csproj", "{C81375DD-8406-4184-8FBC-0AFDE42371C2}"
EndProject
Project("{9A19103F-16F7-4668-BE54-9A1E7A4F7556}") = "06AdapterPattern", "06AdapterPattern\06AdapterPattern.csproj", "{AC5306D3-A072-4DDF-866A-A5A4FDE10EFE}"
EndProject
Project("{9A19103F-16F7-4668-BE54-9A1E7A4F7556}") = "07BridgePattern", "07BridgePattern\07BridgePattern.csproj", "{39268550-0B57-412F-8466-935B2CB27BD7}"
EndProject
Project("{9A19103F-16F7-4668-BE54-9A1E7A4F7556}") = "08DecoratorPattern", "08DecoratorPattern\08DecoratorPattern.csproj", "{338C4013-0995-4F0B-BA5A-3513C6A05EE0}"
EndProject
Project("{9A19103F-16F7-4668-BE54-9A1E7A4F7556}") = "09CompositePattern", "09CompositePattern\09CompositePattern.csproj", "{1D3B7E58-0DF9-42D3-B779-9C66F2D8533B}"
EndProject
Project("{9A19103F-16F7-4668-BE54-9A1E7A4F7556}") = "10FacadePattern", "10FacadePattern\10FacadePattern.csproj", "{FA6BA36A-ED91-4D50-B77B-B15E47181060}"
EndProject
Project("{9A19103F-16F7-4668-BE54-9A1E7A4F7556}") = "11FlyweightPattern", "11FlyweightPattern\11FlyweightPattern.csproj", "{5B5C5BED-499A-455B-B8FE-E93BB80AEFC3}"
EndProject
Project("{9A19103F-16F7-4668-BE54-9A1E7A4F7556}") = "12ProxyPattern", "12ProxyPattern\12ProxyPattern.csproj", "{1C870C50-1500-46C8-A5B7-82CBBB8268AB}"
EndProject
Project("{9A19103F-16F7-4668-BE54-9A1E7A4F7556}") = "13TemplateMethod", "13TemplateMethod\13TemplateMethod.csproj", "{2ED5D7E6-2FBD-4DE3-AF16-3329897A8F6E}"
EndProject
Project("{9A19103F-16F7-4668-BE54-9A1E7A4F7556}") = "14CommandPattern", "14CommandPattern\14CommandPattern.csproj", "{D02C6D92-8959-4324-953E-DA847BFDC18A}"
EndProject
Project("{9A19103F-16F7-4668-BE54-9A1E7A4F7556}") = "15IteratorPattern", "15IteratorPattern\15IteratorPattern.csproj", "{1C5660F8-0B41-457B-AE22-26622C27F7A6}"
EndProject
Project("{9A19103F-16F7-4668-BE54-9A1E7A4F7556}") = "17ObserverPattern", "17ObserverPattern\17ObserverPattern.csproj", "{6FC66278-F451-4837-A3AF-90522782E6C1}"
EndProject
Project("{9A19103F-16F7-4668-BE54-9A1E7A4F7556}") = "16InterpreterPattern", "16InterpreterPattern\16InterpreterPattern.csproj", "{31BF63F3-6E65-45B2-B31D-2A9BD725F458}"
EndProject
Project("{9A19103F-16F7-4668-BE54-9A1E7A4F7556}") = "18MediatorPattern", "18MediatorPattern\18MediatorPattern.csproj", "{4161A805-D3D9-4E55-A8D0-8F72E143F563}"
EndProject
Project("{FAE04EC0-301F-11D3-BF4B-00C04F79EFBC}") = "19ChainofResponsibilityPattern", "19ChainofResponsibilityPattern\19ChainofResponsibilityPattern.csproj", "{0CF47D37-DA58-4C4E-B518-E826AB899E82}"
EndProject
Project("{FAE04EC0-301F-11D3-BF4B-00C04F79EFBC}") = "20MementoPattern", "20MementoPattern\20MementoPattern.csproj", "{DB304572-EA8B-4A77-B307-4F597C15D6DA}"
EndProject
Project("{FAE04EC0-301F-11D3-BF4B-00C04F79EFBC}") = "21StrategyPattern", "21StrategyPattern\21StrategyPattern.csproj", "{D8E107B3-8649-443A-9C0F-F96376F0AB45}"
EndProject
Project("{FAE04EC0-301F-11D3-BF4B-00C04F79EFBC}") = "22VisitorPattern", "22VisitorPattern\22VisitorPattern.csproj", "{8DF40229-4655-45B0-8B90-7D906C59C3D9}"
EndProject
Project("{FAE04EC0-301F-11D3-BF4B-00C04F79EFBC}") = "23StatePattern", "23StatePattern\23StatePattern.csproj", "{780B4282-3366-4E86-BFA4-16D3F50B3882}"
EndProject
Global
	GlobalSection(SolutionConfigurationPlatforms) = preSolution
		Debug|Any CPU = Debug|Any CPU
		Release|Any CPU = Release|Any CPU
	EndGlobalSection
	GlobalSection(ProjectConfigurationPlatforms) = postSolution
		{7AA8E2F8-2BC1-426C-BFDB-23417CF33E90}.Debug|Any CPU.ActiveCfg = Debug|Any CPU
		{7AA8E2F8-2BC1-426C-BFDB-23417CF33E90}.Debug|Any CPU.Build.0 = Debug|Any CPU
		{7AA8E2F8-2BC1-426C-BFDB-23417CF33E90}.Release|Any CPU.ActiveCfg = Release|Any CPU
		{7AA8E2F8-2BC1-426C-BFDB-23417CF33E90}.Release|Any CPU.Build.0 = Release|Any CPU
		{083E3C66-0815-4DF6-9D0E-38F4D8F83B51}.Debug|Any CPU.ActiveCfg = Debug|Any CPU
		{083E3C66-0815-4DF6-9D0E-38F4D8F83B51}.Debug|Any CPU.Build.0 = Debug|Any CPU
		{083E3C66-0815-4DF6-9D0E-38F4D8F83B51}.Release|Any CPU.ActiveCfg = Release|Any CPU
		{083E3C66-0815-4DF6-9D0E-38F4D8F83B51}.Release|Any CPU.Build.0 = Release|Any CPU
		{29637920-F9E0-451E-BD56-FCEC6FF42094}.Debug|Any CPU.ActiveCfg = Debug|Any CPU
		{29637920-F9E0-451E-BD56-FCEC6FF42094}.Debug|Any CPU.Build.0 = Debug|Any CPU
		{29637920-F9E0-451E-BD56-FCEC6FF42094}.Release|Any CPU.ActiveCfg = Release|Any CPU
		{29637920-F9E0-451E-BD56-FCEC6FF42094}.Release|Any CPU.Build.0 = Release|Any CPU
		{3C25BCF8-41D4-4E1F-858E-A0D8546292F4}.Debug|Any CPU.ActiveCfg = Debug|Any CPU
		{3C25BCF8-41D4-4E1F-858E-A0D8546292F4}.Debug|Any CPU.Build.0 = Debug|Any CPU
		{3C25BCF8-41D4-4E1F-858E-A0D8546292F4}.Release|Any CPU.ActiveCfg = Release|Any CPU
		{3C25BCF8-41D4-4E1F-858E-A0D8546292F4}.Release|Any CPU.Build.0 = Release|Any CPU
		{C81375DD-8406-4184-8FBC-0AFDE42371C2}.Debug|Any CPU.ActiveCfg = Debug|Any CPU
		{C81375DD-8406-4184-8FBC-0AFDE42371C2}.Debug|Any CPU.Build.0 = Debug|Any CPU
		{C81375DD-8406-4184-8FBC-0AFDE42371C2}.Release|Any CPU.ActiveCfg = Release|Any CPU
		{C81375DD-8406-4184-8FBC-0AFDE42371C2}.Release|Any CPU.Build.0 = Release|Any CPU
		{AC5306D3-A072-4DDF-866A-A5A4FDE10EFE}.Debug|Any CPU.ActiveCfg = Debug|Any CPU
		{AC5306D3-A072-4DDF-866A-A5A4FDE10EFE}.Debug|Any CPU.Build.0 = Debug|Any CPU
		{AC5306D3-A072-4DDF-866A-A5A4FDE10EFE}.Release|Any CPU.ActiveCfg = Release|Any CPU
		{AC5306D3-A072-4DDF-866A-A5A4FDE10EFE}.Release|Any CPU.Build.0 = Release|Any CPU
		{39268550-0B57-412F-8466-935B2CB27BD7}.Debug|Any CPU.ActiveCfg = Debug|Any CPU
		{39268550-0B57-412F-8466-935B2CB27BD7}.Debug|Any CPU.Build.0 = Debug|Any CPU
		{39268550-0B57-412F-8466-935B2CB27BD7}.Release|Any CPU.ActiveCfg = Release|Any CPU
		{39268550-0B57-412F-8466-935B2CB27BD7}.Release|Any CPU.Build.0 = Release|Any CPU
		{338C4013-0995-4F0B-BA5A-3513C6A05EE0}.Debug|Any CPU.ActiveCfg = Debug|Any CPU
		{338C4013-0995-4F0B-BA5A-3513C6A05EE0}.Debug|Any CPU.Build.0 = Debug|Any CPU
		{338C4013-0995-4F0B-BA5A-3513C6A05EE0}.Release|Any CPU.ActiveCfg = Release|Any CPU
		{338C4013-0995-4F0B-BA5A-3513C6A05EE0}.Release|Any CPU.Build.0 = Release|Any CPU
		{1D3B7E58-0DF9-42D3-B779-9C66F2D8533B}.Debug|Any CPU.ActiveCfg = Debug|Any CPU
		{1D3B7E58-0DF9-42D3-B779-9C66F2D8533B}.Debug|Any CPU.Build.0 = Debug|Any CPU
		{1D3B7E58-0DF9-42D3-B779-9C66F2D8533B}.Release|Any CPU.ActiveCfg = Release|Any CPU
		{1D3B7E58-0DF9-42D3-B779-9C66F2D8533B}.Release|Any CPU.Build.0 = Release|Any CPU
		{FA6BA36A-ED91-4D50-B77B-B15E47181060}.Debug|Any CPU.ActiveCfg = Debug|Any CPU
		{FA6BA36A-ED91-4D50-B77B-B15E47181060}.Debug|Any CPU.Build.0 = Debug|Any CPU
		{FA6BA36A-ED91-4D50-B77B-B15E47181060}.Release|Any CPU.ActiveCfg = Release|Any CPU
		{FA6BA36A-ED91-4D50-B77B-B15E47181060}.Release|Any CPU.Build.0 = Release|Any CPU
		{5B5C5BED-499A-455B-B8FE-E93BB80AEFC3}.Debug|Any CPU.ActiveCfg = Debug|Any CPU
		{5B5C5BED-499A-455B-B8FE-E93BB80AEFC3}.Debug|Any CPU.Build.0 = Debug|Any CPU
		{5B5C5BED-499A-455B-B8FE-E93BB80AEFC3}.Release|Any CPU.ActiveCfg = Release|Any CPU
		{5B5C5BED-499A-455B-B8FE-E93BB80AEFC3}.Release|Any CPU.Build.0 = Release|Any CPU
		{1C870C50-1500-46C8-A5B7-82CBBB8268AB}.Debug|Any CPU.ActiveCfg = Debug|Any CPU
		{1C870C50-1500-46C8-A5B7-82CBBB8268AB}.Debug|Any CPU.Build.0 = Debug|Any CPU
		{1C870C50-1500-46C8-A5B7-82CBBB8268AB}.Release|Any CPU.ActiveCfg = Release|Any CPU
		{1C870C50-1500-46C8-A5B7-82CBBB8268AB}.Release|Any CPU.Build.0 = Release|Any CPU
		{2ED5D7E6-2FBD-4DE3-AF16-3329897A8F6E}.Debug|Any CPU.ActiveCfg = Debug|Any CPU
		{2ED5D7E6-2FBD-4DE3-AF16-3329897A8F6E}.Debug|Any CPU.Build.0 = Debug|Any CPU
		{2ED5D7E6-2FBD-4DE3-AF16-3329897A8F6E}.Release|Any CPU.ActiveCfg = Release|Any CPU
		{2ED5D7E6-2FBD-4DE3-AF16-3329897A8F6E}.Release|Any CPU.Build.0 = Release|Any CPU
		{D02C6D92-8959-4324-953E-DA847BFDC18A}.Debug|Any CPU.ActiveCfg = Debug|Any CPU
		{D02C6D92-8959-4324-953E-DA847BFDC18A}.Debug|Any CPU.Build.0 = Debug|Any CPU
		{D02C6D92-8959-4324-953E-DA847BFDC18A}.Release|Any CPU.ActiveCfg = Release|Any CPU
		{D02C6D92-8959-4324-953E-DA847BFDC18A}.Release|Any CPU.Build.0 = Release|Any CPU
		{1C5660F8-0B41-457B-AE22-26622C27F7A6}.Debug|Any CPU.ActiveCfg = Debug|Any CPU
		{1C5660F8-0B41-457B-AE22-26622C27F7A6}.Debug|Any CPU.Build.0 = Debug|Any CPU
		{1C5660F8-0B41-457B-AE22-26622C27F7A6}.Release|Any CPU.ActiveCfg = Release|Any CPU
		{1C5660F8-0B41-457B-AE22-26622C27F7A6}.Release|Any CPU.Build.0 = Release|Any CPU
		{6FC66278-F451-4837-A3AF-90522782E6C1}.Debug|Any CPU.ActiveCfg = Debug|Any CPU
		{6FC66278-F451-4837-A3AF-90522782E6C1}.Debug|Any CPU.Build.0 = Debug|Any CPU
		{6FC66278-F451-4837-A3AF-90522782E6C1}.Release|Any CPU.ActiveCfg = Release|Any CPU
		{6FC66278-F451-4837-A3AF-90522782E6C1}.Release|Any CPU.Build.0 = Release|Any CPU
		{31BF63F3-6E65-45B2-B31D-2A9BD725F458}.Debug|Any CPU.ActiveCfg = Debug|Any CPU
		{31BF63F3-6E65-45B2-B31D-2A9BD725F458}.Debug|Any CPU.Build.0 = Debug|Any CPU
		{31BF63F3-6E65-45B2-B31D-2A9BD725F458}.Release|Any CPU.ActiveCfg = Release|Any CPU
		{31BF63F3-6E65-45B2-B31D-2A9BD725F458}.Release|Any CPU.Build.0 = Release|Any CPU
		{4161A805-D3D9-4E55-A8D0-8F72E143F563}.Debug|Any CPU.ActiveCfg = Debug|Any CPU
		{4161A805-D3D9-4E55-A8D0-8F72E143F563}.Debug|Any CPU.Build.0 = Debug|Any CPU
		{4161A805-D3D9-4E55-A8D0-8F72E143F563}.Release|Any CPU.ActiveCfg = Release|Any CPU
		{4161A805-D3D9-4E55-A8D0-8F72E143F563}.Release|Any CPU.Build.0 = Release|Any CPU
		{0CF47D37-DA58-4C4E-B518-E826AB899E82}.Debug|Any CPU.ActiveCfg = Debug|Any CPU
		{0CF47D37-DA58-4C4E-B518-E826AB899E82}.Debug|Any CPU.Build.0 = Debug|Any CPU
		{0CF47D37-DA58-4C4E-B518-E826AB899E82}.Release|Any CPU.ActiveCfg = Release|Any CPU
		{0CF47D37-DA58-4C4E-B518-E826AB899E82}.Release|Any CPU.Build.0 = Release|Any CPU
		{DB304572-EA8B-4A77-B307-4F597C15D6DA}.Debug|Any CPU.ActiveCfg = Debug|Any CPU
		{DB304572-EA8B-4A77-B307-4F597C15D6DA}.Debug|Any CPU.Build.0 = Debug|Any CPU
		{DB304572-EA8B-4A77-B307-4F597C15D6DA}.Release|Any CPU.ActiveCfg = Release|Any CPU
		{DB304572-EA8B-4A77-B307-4F597C15D6DA}.Release|Any CPU.Build.0 = Release|Any CPU
		{D8E107B3-8649-443A-9C0F-F96376F0AB45}.Debug|Any CPU.ActiveCfg = Debug|Any CPU
		{D8E107B3-8649-443A-9C0F-F96376F0AB45}.Debug|Any CPU.Build.0 = Debug|Any CPU
		{D8E107B3-8649-443A-9C0F-F96376F0AB45}.Release|Any CPU.ActiveCfg = Release|Any CPU
		{D8E107B3-8649-443A-9C0F-F96376F0AB45}.Release|Any CPU.Build.0 = Release|Any CPU
		{8DF40229-4655-45B0-8B90-7D906C59C3D9}.Debug|Any CPU.ActiveCfg = Debug|Any CPU
		{8DF40229-4655-45B0-8B90-7D906C59C3D9}.Debug|Any CPU.Build.0 = Debug|Any CPU
		{8DF40229-4655-45B0-8B90-7D906C59C3D9}.Release|Any CPU.ActiveCfg = Release|Any CPU
		{8DF40229-4655-45B0-8B90-7D906C59C3D9}.Release|Any CPU.Build.0 = Release|Any CPU
		{780B4282-3366-4E86-BFA4-16D3F50B3882}.Debug|Any CPU.ActiveCfg = Debug|Any CPU
		{780B4282-3366-4E86-BFA4-16D3F50B3882}.Debug|Any CPU.Build.0 = Debug|Any CPU
		{780B4282-3366-4E86-BFA4-16D3F50B3882}.Release|Any CPU.ActiveCfg = Release|Any CPU
		{780B4282-3366-4E86-BFA4-16D3F50B3882}.Release|Any CPU.Build.0 = Release|Any CPU
	EndGlobalSection
	GlobalSection(SolutionProperties) = preSolution
		HideSolutionNode = FALSE
	EndGlobalSection
	GlobalSection(NestedProjects) = preSolution
		{7AA8E2F8-2BC1-426C-BFDB-23417CF33E90} = {6DF5618E-8E5D-470A-B36C-C61C15EAEF59}
		{083E3C66-0815-4DF6-9D0E-38F4D8F83B51} = {6DF5618E-8E5D-470A-B36C-C61C15EAEF59}
		{29637920-F9E0-451E-BD56-FCEC6FF42094} = {6DF5618E-8E5D-470A-B36C-C61C15EAEF59}
		{3C25BCF8-41D4-4E1F-858E-A0D8546292F4} = {6DF5618E-8E5D-470A-B36C-C61C15EAEF59}
		{C81375DD-8406-4184-8FBC-0AFDE42371C2} = {6DF5618E-8E5D-470A-B36C-C61C15EAEF59}
		{AC5306D3-A072-4DDF-866A-A5A4FDE10EFE} = {917DA01D-98BD-4DB0-8A45-6FA975E5E552}
		{39268550-0B57-412F-8466-935B2CB27BD7} = {917DA01D-98BD-4DB0-8A45-6FA975E5E552}
		{338C4013-0995-4F0B-BA5A-3513C6A05EE0} = {917DA01D-98BD-4DB0-8A45-6FA975E5E552}
		{1D3B7E58-0DF9-42D3-B779-9C66F2D8533B} = {917DA01D-98BD-4DB0-8A45-6FA975E5E552}
		{FA6BA36A-ED91-4D50-B77B-B15E47181060} = {917DA01D-98BD-4DB0-8A45-6FA975E5E552}
		{5B5C5BED-499A-455B-B8FE-E93BB80AEFC3} = {917DA01D-98BD-4DB0-8A45-6FA975E5E552}
		{1C870C50-1500-46C8-A5B7-82CBBB8268AB} = {917DA01D-98BD-4DB0-8A45-6FA975E5E552}
		{2ED5D7E6-2FBD-4DE3-AF16-3329897A8F6E} = {3E1D5839-A7A6-4D38-8A69-43B096182437}
		{D02C6D92-8959-4324-953E-DA847BFDC18A} = {3E1D5839-A7A6-4D38-8A69-43B096182437}
		{1C5660F8-0B41-457B-AE22-26622C27F7A6} = {3E1D5839-A7A6-4D38-8A69-43B096182437}
		{6FC66278-F451-4837-A3AF-90522782E6C1} = {3E1D5839-A7A6-4D38-8A69-43B096182437}
		{31BF63F3-6E65-45B2-B31D-2A9BD725F458} = {3E1D5839-A7A6-4D38-8A69-43B096182437}
		{4161A805-D3D9-4E55-A8D0-8F72E143F563} = {3E1D5839-A7A6-4D38-8A69-43B096182437}
		{0CF47D37-DA58-4C4E-B518-E826AB899E82} = {3E1D5839-A7A6-4D38-8A69-43B096182437}
		{DB304572-EA8B-4A77-B307-4F597C15D6DA} = {3E1D5839-A7A6-4D38-8A69-43B096182437}
		{D8E107B3-8649-443A-9C0F-F96376F0AB45} = {3E1D5839-A7A6-4D38-8A69-43B096182437}
		{8DF40229-4655-45B0-8B90-7D906C59C3D9} = {3E1D5839-A7A6-4D38-8A69-43B096182437}
		{780B4282-3366-4E86-BFA4-16D3F50B3882} = {3E1D5839-A7A6-4D38-8A69-43B096182437}
	EndGlobalSection
	GlobalSection(ExtensibilityGlobals) = postSolution
		SolutionGuid = {107B184B-0906-4BEC-8232-964782519216}
	EndGlobalSection
EndGlobal
